// !$*UTF8*$!
{
	archiveVersion = 1;
	classes = {
	};
	objectVersion = 56;
	objects = {

/* Begin PBXBuildFile section */
		B10A22B12C1E616500099070 /* EmailFieldView.swift in Sources */ = {isa = PBXBuildFile; fileRef = B10A22B02C1E616500099070 /* EmailFieldView.swift */; };
		B10A22B32C1E623B00099070 /* PasswordFieldView.swift in Sources */ = {isa = PBXBuildFile; fileRef = B10A22B22C1E623B00099070 /* PasswordFieldView.swift */; };
		B10A22B52C1E62F900099070 /* AccountViewModel.swift in Sources */ = {isa = PBXBuildFile; fileRef = B10A22B42C1E62F900099070 /* AccountViewModel.swift */; };
		B10A22B72C1E711900099070 /* WeatherMonitorView.swift in Sources */ = {isa = PBXBuildFile; fileRef = B10A22B62C1E711900099070 /* WeatherMonitorView.swift */; };
		B10A22BB2C30ABA200099070 /* BackgroundView.swift in Sources */ = {isa = PBXBuildFile; fileRef = B10A22BA2C30ABA200099070 /* BackgroundView.swift */; };
		B10A22BD2C30AD4900099070 /* CitySearchView.swift in Sources */ = {isa = PBXBuildFile; fileRef = B10A22BC2C30AD4900099070 /* CitySearchView.swift */; };
		B10A22BF2C30B0FA00099070 /* CitySearchViewModel.swift in Sources */ = {isa = PBXBuildFile; fileRef = B10A22BE2C30B0FA00099070 /* CitySearchViewModel.swift */; };
		B10A22C12C30BEDE00099070 /* CityModel.swift in Sources */ = {isa = PBXBuildFile; fileRef = B10A22C02C30BEDE00099070 /* CityModel.swift */; };
		B11252912C3116080083C30D /* CityListView.swift in Sources */ = {isa = PBXBuildFile; fileRef = B11252902C3116080083C30D /* CityListView.swift */; };
		B1FF07AB2C1E247300F4DC5B /* WeatherMonitorApp.swift in Sources */ = {isa = PBXBuildFile; fileRef = B1FF07AA2C1E247300F4DC5B /* WeatherMonitorApp.swift */; };
		B1FF07AF2C1E247300F4DC5B /* Assets.xcassets in Resources */ = {isa = PBXBuildFile; fileRef = B1FF07AE2C1E247300F4DC5B /* Assets.xcassets */; };
		B1FF07B22C1E247300F4DC5B /* Preview Assets.xcassets in Resources */ = {isa = PBXBuildFile; fileRef = B1FF07B12C1E247300F4DC5B /* Preview Assets.xcassets */; };
		B1FF07BE2C1E28A400F4DC5B /* HoulyWeatherModel.swift in Sources */ = {isa = PBXBuildFile; fileRef = B1FF07BB2C1E28A400F4DC5B /* HoulyWeatherModel.swift */; };
		B1FF07BF2C1E28A400F4DC5B /* DailyWeatherModel.swift in Sources */ = {isa = PBXBuildFile; fileRef = B1FF07BC2C1E28A400F4DC5B /* DailyWeatherModel.swift */; };
		B1FF07C02C1E28A400F4DC5B /* WeatherModel.swift in Sources */ = {isa = PBXBuildFile; fileRef = B1FF07BD2C1E28A400F4DC5B /* WeatherModel.swift */; };
		B1FF07C42C1E28BC00F4DC5B /* DayOfWeekView.swift in Sources */ = {isa = PBXBuildFile; fileRef = B1FF07C12C1E28BC00F4DC5B /* DayOfWeekView.swift */; };
		B1FF07C52C1E28BC00F4DC5B /* HourlyWeatherView.swift in Sources */ = {isa = PBXBuildFile; fileRef = B1FF07C22C1E28BC00F4DC5B /* HourlyWeatherView.swift */; };
		B1FF07C62C1E28BC00F4DC5B /* WeatherView.swift in Sources */ = {isa = PBXBuildFile; fileRef = B1FF07C32C1E28BC00F4DC5B /* WeatherView.swift */; };
		B1FF07C82C1E28CF00F4DC5B /* WeatherViewModel.swift in Sources */ = {isa = PBXBuildFile; fileRef = B1FF07C72C1E28CF00F4DC5B /* WeatherViewModel.swift */; };
		B1FF07CC2C1E2CB900F4DC5B /* GoogleService-Info.plist in Resources */ = {isa = PBXBuildFile; fileRef = B1FF07CB2C1E2CB900F4DC5B /* GoogleService-Info.plist */; };
		B1FF07CF2C1E2EFD00F4DC5B /* FirebaseAnalytics in Frameworks */ = {isa = PBXBuildFile; productRef = B1FF07CE2C1E2EFD00F4DC5B /* FirebaseAnalytics */; };
		B1FF07D12C1E2EFD00F4DC5B /* FirebaseAnalyticsOnDeviceConversion in Frameworks */ = {isa = PBXBuildFile; productRef = B1FF07D02C1E2EFD00F4DC5B /* FirebaseAnalyticsOnDeviceConversion */; };
		B1FF07D32C1E2EFD00F4DC5B /* FirebaseAnalyticsSwift in Frameworks */ = {isa = PBXBuildFile; productRef = B1FF07D22C1E2EFD00F4DC5B /* FirebaseAnalyticsSwift */; };
		B1FF07D52C1E2EFD00F4DC5B /* FirebaseAnalyticsWithoutAdIdSupport in Frameworks */ = {isa = PBXBuildFile; productRef = B1FF07D42C1E2EFD00F4DC5B /* FirebaseAnalyticsWithoutAdIdSupport */; };
		B1FF07D72C1E2EFD00F4DC5B /* FirebaseAppCheck in Frameworks */ = {isa = PBXBuildFile; productRef = B1FF07D62C1E2EFD00F4DC5B /* FirebaseAppCheck */; };
		B1FF07D92C1E2FCE00F4DC5B /* AccountView.swift in Sources */ = {isa = PBXBuildFile; fileRef = B1FF07D82C1E2FCE00F4DC5B /* AccountView.swift */; };
		B1FF07DB2C1E32E700F4DC5B /* FirebaseAnalytics in Frameworks */ = {isa = PBXBuildFile; productRef = B1FF07DA2C1E32E700F4DC5B /* FirebaseAnalytics */; };
		B1FF07DD2C1E32E700F4DC5B /* FirebaseAnalyticsOnDeviceConversion in Frameworks */ = {isa = PBXBuildFile; productRef = B1FF07DC2C1E32E700F4DC5B /* FirebaseAnalyticsOnDeviceConversion */; };
		B1FF07DF2C1E32E700F4DC5B /* FirebaseAnalyticsSwift in Frameworks */ = {isa = PBXBuildFile; productRef = B1FF07DE2C1E32E700F4DC5B /* FirebaseAnalyticsSwift */; };
		B1FF07E12C1E32E700F4DC5B /* FirebaseAnalyticsWithoutAdIdSupport in Frameworks */ = {isa = PBXBuildFile; productRef = B1FF07E02C1E32E700F4DC5B /* FirebaseAnalyticsWithoutAdIdSupport */; };
		B1FF07E32C1E32E700F4DC5B /* FirebaseAppCheck in Frameworks */ = {isa = PBXBuildFile; productRef = B1FF07E22C1E32E700F4DC5B /* FirebaseAppCheck */; };
		B1FF07E52C1E32E700F4DC5B /* FirebaseAppDistribution-Beta in Frameworks */ = {isa = PBXBuildFile; productRef = B1FF07E42C1E32E700F4DC5B /* FirebaseAppDistribution-Beta */; };
		B1FF07E72C1E32E700F4DC5B /* FirebaseAuth in Frameworks */ = {isa = PBXBuildFile; productRef = B1FF07E62C1E32E700F4DC5B /* FirebaseAuth */; };
		B1FF07E92C1E32E700F4DC5B /* FirebaseAuthCombine-Community in Frameworks */ = {isa = PBXBuildFile; productRef = B1FF07E82C1E32E700F4DC5B /* FirebaseAuthCombine-Community */; };
		B1FF07EB2C1E32E700F4DC5B /* FirebaseCrashlytics in Frameworks */ = {isa = PBXBuildFile; productRef = B1FF07EA2C1E32E700F4DC5B /* FirebaseCrashlytics */; };
		B1FF07ED2C1E32E700F4DC5B /* FirebaseDatabase in Frameworks */ = {isa = PBXBuildFile; productRef = B1FF07EC2C1E32E700F4DC5B /* FirebaseDatabase */; };
		B1FF07EF2C1E32E700F4DC5B /* FirebaseDatabaseSwift in Frameworks */ = {isa = PBXBuildFile; productRef = B1FF07EE2C1E32E700F4DC5B /* FirebaseDatabaseSwift */; };
		B1FF07F12C1E32E700F4DC5B /* FirebaseDynamicLinks in Frameworks */ = {isa = PBXBuildFile; productRef = B1FF07F02C1E32E700F4DC5B /* FirebaseDynamicLinks */; };
		B1FF07F32C1E32E700F4DC5B /* FirebaseFirestore in Frameworks */ = {isa = PBXBuildFile; productRef = B1FF07F22C1E32E700F4DC5B /* FirebaseFirestore */; };
		B1FF07F52C1E32E700F4DC5B /* FirebaseFirestoreCombine-Community in Frameworks */ = {isa = PBXBuildFile; productRef = B1FF07F42C1E32E700F4DC5B /* FirebaseFirestoreCombine-Community */; };
		B1FF07F72C1E32E700F4DC5B /* FirebaseFirestoreSwift in Frameworks */ = {isa = PBXBuildFile; productRef = B1FF07F62C1E32E700F4DC5B /* FirebaseFirestoreSwift */; };
		B1FF07F92C1E32E700F4DC5B /* FirebaseFunctions in Frameworks */ = {isa = PBXBuildFile; productRef = B1FF07F82C1E32E700F4DC5B /* FirebaseFunctions */; };
		B1FF07FB2C1E32E700F4DC5B /* FirebaseFunctionsCombine-Community in Frameworks */ = {isa = PBXBuildFile; productRef = B1FF07FA2C1E32E700F4DC5B /* FirebaseFunctionsCombine-Community */; };
		B1FF07FD2C1E32E700F4DC5B /* FirebaseInAppMessaging-Beta in Frameworks */ = {isa = PBXBuildFile; productRef = B1FF07FC2C1E32E700F4DC5B /* FirebaseInAppMessaging-Beta */; };
		B1FF07FF2C1E32E700F4DC5B /* FirebaseInAppMessagingSwift-Beta in Frameworks */ = {isa = PBXBuildFile; productRef = B1FF07FE2C1E32E700F4DC5B /* FirebaseInAppMessagingSwift-Beta */; };
		B1FF08012C1E32E700F4DC5B /* FirebaseInstallations in Frameworks */ = {isa = PBXBuildFile; productRef = B1FF08002C1E32E700F4DC5B /* FirebaseInstallations */; };
		B1FF08032C1E32E700F4DC5B /* FirebaseMLModelDownloader in Frameworks */ = {isa = PBXBuildFile; productRef = B1FF08022C1E32E700F4DC5B /* FirebaseMLModelDownloader */; };
		B1FF08052C1E32E700F4DC5B /* FirebaseMessaging in Frameworks */ = {isa = PBXBuildFile; productRef = B1FF08042C1E32E700F4DC5B /* FirebaseMessaging */; };
		B1FF08072C1E32E700F4DC5B /* FirebasePerformance in Frameworks */ = {isa = PBXBuildFile; productRef = B1FF08062C1E32E700F4DC5B /* FirebasePerformance */; };
		B1FF08092C1E32E700F4DC5B /* FirebaseRemoteConfig in Frameworks */ = {isa = PBXBuildFile; productRef = B1FF08082C1E32E700F4DC5B /* FirebaseRemoteConfig */; };
		B1FF080B2C1E32E700F4DC5B /* FirebaseRemoteConfigSwift in Frameworks */ = {isa = PBXBuildFile; productRef = B1FF080A2C1E32E700F4DC5B /* FirebaseRemoteConfigSwift */; };
		B1FF080D2C1E32E700F4DC5B /* FirebaseStorage in Frameworks */ = {isa = PBXBuildFile; productRef = B1FF080C2C1E32E700F4DC5B /* FirebaseStorage */; };
		B1FF080F2C1E32E700F4DC5B /* FirebaseStorageCombine-Community in Frameworks */ = {isa = PBXBuildFile; productRef = B1FF080E2C1E32E700F4DC5B /* FirebaseStorageCombine-Community */; };
		B1FF08112C1E32E700F4DC5B /* FirebaseVertexAI-Preview in Frameworks */ = {isa = PBXBuildFile; productRef = B1FF08102C1E32E700F4DC5B /* FirebaseVertexAI-Preview */; };
		B1FFAD572C39098B006B0BC2 /* GoogleSignIn in Frameworks */ = {isa = PBXBuildFile; productRef = B1FFAD562C39098B006B0BC2 /* GoogleSignIn */; };
		B1FFAD592C39098B006B0BC2 /* GoogleSignInSwift in Frameworks */ = {isa = PBXBuildFile; productRef = B1FFAD582C39098B006B0BC2 /* GoogleSignInSwift */; };
		B1FFAD5D2C398342006B0BC2 /* CurrentWeatherModel.swift in Sources */ = {isa = PBXBuildFile; fileRef = B1FFAD5C2C398342006B0BC2 /* CurrentWeatherModel.swift */; };
		B1FFAD5F2C39EA16006B0BC2 /* SunMaxImageView.swift in Sources */ = {isa = PBXBuildFile; fileRef = B1FFAD5E2C39EA16006B0BC2 /* SunMaxImageView.swift */; };
		B1FFAD612C39EBB5006B0BC2 /* CloudRainImageView.swift in Sources */ = {isa = PBXBuildFile; fileRef = B1FFAD602C39EBB5006B0BC2 /* CloudRainImageView.swift */; };
/* End PBXBuildFile section */

/* Begin PBXFileReference section */
		B10A22B02C1E616500099070 /* EmailFieldView.swift */ = {isa = PBXFileReference; lastKnownFileType = sourcecode.swift; path = EmailFieldView.swift; sourceTree = "<group>"; };
		B10A22B22C1E623B00099070 /* PasswordFieldView.swift */ = {isa = PBXFileReference; lastKnownFileType = sourcecode.swift; path = PasswordFieldView.swift; sourceTree = "<group>"; };
		B10A22B42C1E62F900099070 /* AccountViewModel.swift */ = {isa = PBXFileReference; lastKnownFileType = sourcecode.swift; path = AccountViewModel.swift; sourceTree = "<group>"; };
		B10A22B62C1E711900099070 /* WeatherMonitorView.swift */ = {isa = PBXFileReference; lastKnownFileType = sourcecode.swift; path = WeatherMonitorView.swift; sourceTree = "<group>"; };
		B10A22BA2C30ABA200099070 /* BackgroundView.swift */ = {isa = PBXFileReference; lastKnownFileType = sourcecode.swift; path = BackgroundView.swift; sourceTree = "<group>"; };
		B10A22BC2C30AD4900099070 /* CitySearchView.swift */ = {isa = PBXFileReference; lastKnownFileType = sourcecode.swift; path = CitySearchView.swift; sourceTree = "<group>"; };
		B10A22BE2C30B0FA00099070 /* CitySearchViewModel.swift */ = {isa = PBXFileReference; lastKnownFileType = sourcecode.swift; path = CitySearchViewModel.swift; sourceTree = "<group>"; };
		B10A22C02C30BEDE00099070 /* CityModel.swift */ = {isa = PBXFileReference; lastKnownFileType = sourcecode.swift; path = CityModel.swift; sourceTree = "<group>"; };
		B11252902C3116080083C30D /* CityListView.swift */ = {isa = PBXFileReference; lastKnownFileType = sourcecode.swift; path = CityListView.swift; sourceTree = "<group>"; };
		B1FF07A72C1E247300F4DC5B /* WeatherMonitor.app */ = {isa = PBXFileReference; explicitFileType = wrapper.application; includeInIndex = 0; path = WeatherMonitor.app; sourceTree = BUILT_PRODUCTS_DIR; };
		B1FF07AA2C1E247300F4DC5B /* WeatherMonitorApp.swift */ = {isa = PBXFileReference; lastKnownFileType = sourcecode.swift; path = WeatherMonitorApp.swift; sourceTree = "<group>"; };
		B1FF07AE2C1E247300F4DC5B /* Assets.xcassets */ = {isa = PBXFileReference; lastKnownFileType = folder.assetcatalog; path = Assets.xcassets; sourceTree = "<group>"; };
		B1FF07B12C1E247300F4DC5B /* Preview Assets.xcassets */ = {isa = PBXFileReference; lastKnownFileType = folder.assetcatalog; path = "Preview Assets.xcassets"; sourceTree = "<group>"; };
		B1FF07BB2C1E28A400F4DC5B /* HoulyWeatherModel.swift */ = {isa = PBXFileReference; fileEncoding = 4; lastKnownFileType = sourcecode.swift; path = HoulyWeatherModel.swift; sourceTree = "<group>"; };
		B1FF07BC2C1E28A400F4DC5B /* DailyWeatherModel.swift */ = {isa = PBXFileReference; fileEncoding = 4; lastKnownFileType = sourcecode.swift; path = DailyWeatherModel.swift; sourceTree = "<group>"; };
		B1FF07BD2C1E28A400F4DC5B /* WeatherModel.swift */ = {isa = PBXFileReference; fileEncoding = 4; lastKnownFileType = sourcecode.swift; path = WeatherModel.swift; sourceTree = "<group>"; };
		B1FF07C12C1E28BC00F4DC5B /* DayOfWeekView.swift */ = {isa = PBXFileReference; fileEncoding = 4; lastKnownFileType = sourcecode.swift; path = DayOfWeekView.swift; sourceTree = "<group>"; };
		B1FF07C22C1E28BC00F4DC5B /* HourlyWeatherView.swift */ = {isa = PBXFileReference; fileEncoding = 4; lastKnownFileType = sourcecode.swift; path = HourlyWeatherView.swift; sourceTree = "<group>"; };
		B1FF07C32C1E28BC00F4DC5B /* WeatherView.swift */ = {isa = PBXFileReference; fileEncoding = 4; lastKnownFileType = sourcecode.swift; path = WeatherView.swift; sourceTree = "<group>"; };
		B1FF07C72C1E28CF00F4DC5B /* WeatherViewModel.swift */ = {isa = PBXFileReference; fileEncoding = 4; lastKnownFileType = sourcecode.swift; path = WeatherViewModel.swift; sourceTree = "<group>"; };
		B1FF07CB2C1E2CB900F4DC5B /* GoogleService-Info.plist */ = {isa = PBXFileReference; fileEncoding = 4; lastKnownFileType = text.plist.xml; path = "GoogleService-Info.plist"; sourceTree = "<group>"; };
		B1FF07D82C1E2FCE00F4DC5B /* AccountView.swift */ = {isa = PBXFileReference; lastKnownFileType = sourcecode.swift; path = AccountView.swift; sourceTree = "<group>"; };
		B1FFAD5C2C398342006B0BC2 /* CurrentWeatherModel.swift */ = {isa = PBXFileReference; lastKnownFileType = sourcecode.swift; path = CurrentWeatherModel.swift; sourceTree = "<group>"; };
		B1FFAD5E2C39EA16006B0BC2 /* SunMaxImageView.swift */ = {isa = PBXFileReference; lastKnownFileType = sourcecode.swift; path = SunMaxImageView.swift; sourceTree = "<group>"; };
		B1FFAD602C39EBB5006B0BC2 /* CloudRainImageView.swift */ = {isa = PBXFileReference; lastKnownFileType = sourcecode.swift; path = CloudRainImageView.swift; sourceTree = "<group>"; };
/* End PBXFileReference section */

/* Begin PBXFrameworksBuildPhase section */
		B1FF07A42C1E247300F4DC5B /* Frameworks */ = {
			isa = PBXFrameworksBuildPhase;
			buildActionMask = 2147483647;
			files = (
				B1FF08052C1E32E700F4DC5B /* FirebaseMessaging in Frameworks */,
				B1FF07F52C1E32E700F4DC5B /* FirebaseFirestoreCombine-Community in Frameworks */,
				B1FF07ED2C1E32E700F4DC5B /* FirebaseDatabase in Frameworks */,
				B1FF07D32C1E2EFD00F4DC5B /* FirebaseAnalyticsSwift in Frameworks */,
				B1FF080D2C1E32E700F4DC5B /* FirebaseStorage in Frameworks */,
				B1FF07CF2C1E2EFD00F4DC5B /* FirebaseAnalytics in Frameworks */,
				B1FF07DB2C1E32E700F4DC5B /* FirebaseAnalytics in Frameworks */,
				B1FF07EB2C1E32E700F4DC5B /* FirebaseCrashlytics in Frameworks */,
				B1FF07F32C1E32E700F4DC5B /* FirebaseFirestore in Frameworks */,
				B1FFAD572C39098B006B0BC2 /* GoogleSignIn in Frameworks */,
				B1FF08112C1E32E700F4DC5B /* FirebaseVertexAI-Preview in Frameworks */,
				B1FF07F12C1E32E700F4DC5B /* FirebaseDynamicLinks in Frameworks */,
				B1FF080F2C1E32E700F4DC5B /* FirebaseStorageCombine-Community in Frameworks */,
				B1FF07DD2C1E32E700F4DC5B /* FirebaseAnalyticsOnDeviceConversion in Frameworks */,
				B1FF07FB2C1E32E700F4DC5B /* FirebaseFunctionsCombine-Community in Frameworks */,
				B1FF07FF2C1E32E700F4DC5B /* FirebaseInAppMessagingSwift-Beta in Frameworks */,
				B1FF08032C1E32E700F4DC5B /* FirebaseMLModelDownloader in Frameworks */,
				B1FF07FD2C1E32E700F4DC5B /* FirebaseInAppMessaging-Beta in Frameworks */,
				B1FF08072C1E32E700F4DC5B /* FirebasePerformance in Frameworks */,
				B1FF07E92C1E32E700F4DC5B /* FirebaseAuthCombine-Community in Frameworks */,
				B1FF07DF2C1E32E700F4DC5B /* FirebaseAnalyticsSwift in Frameworks */,
				B1FF07EF2C1E32E700F4DC5B /* FirebaseDatabaseSwift in Frameworks */,
				B1FF07D12C1E2EFD00F4DC5B /* FirebaseAnalyticsOnDeviceConversion in Frameworks */,
				B1FF08092C1E32E700F4DC5B /* FirebaseRemoteConfig in Frameworks */,
				B1FF07D72C1E2EFD00F4DC5B /* FirebaseAppCheck in Frameworks */,
				B1FF07E72C1E32E700F4DC5B /* FirebaseAuth in Frameworks */,
				B1FF07F92C1E32E700F4DC5B /* FirebaseFunctions in Frameworks */,
				B1FF08012C1E32E700F4DC5B /* FirebaseInstallations in Frameworks */,
				B1FF07F72C1E32E700F4DC5B /* FirebaseFirestoreSwift in Frameworks */,
				B1FF07E12C1E32E700F4DC5B /* FirebaseAnalyticsWithoutAdIdSupport in Frameworks */,
				B1FFAD592C39098B006B0BC2 /* GoogleSignInSwift in Frameworks */,
				B1FF07E32C1E32E700F4DC5B /* FirebaseAppCheck in Frameworks */,
				B1FF080B2C1E32E700F4DC5B /* FirebaseRemoteConfigSwift in Frameworks */,
				B1FF07E52C1E32E700F4DC5B /* FirebaseAppDistribution-Beta in Frameworks */,
				B1FF07D52C1E2EFD00F4DC5B /* FirebaseAnalyticsWithoutAdIdSupport in Frameworks */,
			);
			runOnlyForDeploymentPostprocessing = 0;
		};
/* End PBXFrameworksBuildPhase section */

/* Begin PBXGroup section */
		B1FF079E2C1E247300F4DC5B = {
			isa = PBXGroup;
			children = (
				B1FF07A92C1E247300F4DC5B /* WeatherMonitor */,
				B1FF07A82C1E247300F4DC5B /* Products */,
			);
			sourceTree = "<group>";
		};
		B1FF07A82C1E247300F4DC5B /* Products */ = {
			isa = PBXGroup;
			children = (
				B1FF07A72C1E247300F4DC5B /* WeatherMonitor.app */,
			);
			name = Products;
			sourceTree = "<group>";
		};
		B1FF07A92C1E247300F4DC5B /* WeatherMonitor */ = {
			isa = PBXGroup;
			children = (
				B1FF07CB2C1E2CB900F4DC5B /* GoogleService-Info.plist */,
				B1FF07BA2C1E279500F4DC5B /* Models */,
				B1FF07B92C1E277500F4DC5B /* Views */,
				B1FF07B82C1E276600F4DC5B /* ViewModels */,
				B1FF07AA2C1E247300F4DC5B /* WeatherMonitorApp.swift */,
				B1FF07AE2C1E247300F4DC5B /* Assets.xcassets */,
				B1FF07B02C1E247300F4DC5B /* Preview Content */,
			);
			path = WeatherMonitor;
			sourceTree = "<group>";
		};
		B1FF07B02C1E247300F4DC5B /* Preview Content */ = {
			isa = PBXGroup;
			children = (
				B1FF07B12C1E247300F4DC5B /* Preview Assets.xcassets */,
			);
			path = "Preview Content";
			sourceTree = "<group>";
		};
		B1FF07B82C1E276600F4DC5B /* ViewModels */ = {
			isa = PBXGroup;
			children = (
				B10A22B42C1E62F900099070 /* AccountViewModel.swift */,
				B10A22BE2C30B0FA00099070 /* CitySearchViewModel.swift */,
				B1FF07C72C1E28CF00F4DC5B /* WeatherViewModel.swift */,
			);
			path = ViewModels;
			sourceTree = "<group>";
		};
		B1FF07B92C1E277500F4DC5B /* Views */ = {
			isa = PBXGroup;
			children = (
				B1FF07D82C1E2FCE00F4DC5B /* AccountView.swift */,
				B10A22BA2C30ABA200099070 /* BackgroundView.swift */,
				B10A22BC2C30AD4900099070 /* CitySearchView.swift */,
				B11252902C3116080083C30D /* CityListView.swift */,
				B1FFAD602C39EBB5006B0BC2 /* CloudRainImageView.swift */,
				B1FF07C12C1E28BC00F4DC5B /* DayOfWeekView.swift */,
				B10A22B02C1E616500099070 /* EmailFieldView.swift */,
				B1FF07C22C1E28BC00F4DC5B /* HourlyWeatherView.swift */,
				B10A22B22C1E623B00099070 /* PasswordFieldView.swift */,
				B1FFAD5E2C39EA16006B0BC2 /* SunMaxImageView.swift */,
				B10A22B62C1E711900099070 /* WeatherMonitorView.swift */,
				B1FF07C32C1E28BC00F4DC5B /* WeatherView.swift */,
			);
			path = Views;
			sourceTree = "<group>";
		};
		B1FF07BA2C1E279500F4DC5B /* Models */ = {
			isa = PBXGroup;
			children = (
				B10A22C02C30BEDE00099070 /* CityModel.swift */,
				B1FFAD5C2C398342006B0BC2 /* CurrentWeatherModel.swift */,
				B1FF07BC2C1E28A400F4DC5B /* DailyWeatherModel.swift */,
				B1FF07BB2C1E28A400F4DC5B /* HoulyWeatherModel.swift */,
				B1FF07BD2C1E28A400F4DC5B /* WeatherModel.swift */,
			);
			path = Models;
			sourceTree = "<group>";
		};
/* End PBXGroup section */

/* Begin PBXNativeTarget section */
		B1FF07A62C1E247300F4DC5B /* WeatherMonitor */ = {
			isa = PBXNativeTarget;
			buildConfigurationList = B1FF07B52C1E247300F4DC5B /* Build configuration list for PBXNativeTarget "WeatherMonitor" */;
			buildPhases = (
				B1FF07A32C1E247300F4DC5B /* Sources */,
				B1FF07A42C1E247300F4DC5B /* Frameworks */,
				B1FF07A52C1E247300F4DC5B /* Resources */,
			);
			buildRules = (
			);
			dependencies = (
			);
			name = WeatherMonitor;
			packageProductDependencies = (
				B1FF07CE2C1E2EFD00F4DC5B /* FirebaseAnalytics */,
				B1FF07D02C1E2EFD00F4DC5B /* FirebaseAnalyticsOnDeviceConversion */,
				B1FF07D22C1E2EFD00F4DC5B /* FirebaseAnalyticsSwift */,
				B1FF07D42C1E2EFD00F4DC5B /* FirebaseAnalyticsWithoutAdIdSupport */,
				B1FF07D62C1E2EFD00F4DC5B /* FirebaseAppCheck */,
				B1FF07DA2C1E32E700F4DC5B /* FirebaseAnalytics */,
				B1FF07DC2C1E32E700F4DC5B /* FirebaseAnalyticsOnDeviceConversion */,
				B1FF07DE2C1E32E700F4DC5B /* FirebaseAnalyticsSwift */,
				B1FF07E02C1E32E700F4DC5B /* FirebaseAnalyticsWithoutAdIdSupport */,
				B1FF07E22C1E32E700F4DC5B /* FirebaseAppCheck */,
				B1FF07E42C1E32E700F4DC5B /* FirebaseAppDistribution-Beta */,
				B1FF07E62C1E32E700F4DC5B /* FirebaseAuth */,
				B1FF07E82C1E32E700F4DC5B /* FirebaseAuthCombine-Community */,
				B1FF07EA2C1E32E700F4DC5B /* FirebaseCrashlytics */,
				B1FF07EC2C1E32E700F4DC5B /* FirebaseDatabase */,
				B1FF07EE2C1E32E700F4DC5B /* FirebaseDatabaseSwift */,
				B1FF07F02C1E32E700F4DC5B /* FirebaseDynamicLinks */,
				B1FF07F22C1E32E700F4DC5B /* FirebaseFirestore */,
				B1FF07F42C1E32E700F4DC5B /* FirebaseFirestoreCombine-Community */,
				B1FF07F62C1E32E700F4DC5B /* FirebaseFirestoreSwift */,
				B1FF07F82C1E32E700F4DC5B /* FirebaseFunctions */,
				B1FF07FA2C1E32E700F4DC5B /* FirebaseFunctionsCombine-Community */,
				B1FF07FC2C1E32E700F4DC5B /* FirebaseInAppMessaging-Beta */,
				B1FF07FE2C1E32E700F4DC5B /* FirebaseInAppMessagingSwift-Beta */,
				B1FF08002C1E32E700F4DC5B /* FirebaseInstallations */,
				B1FF08022C1E32E700F4DC5B /* FirebaseMLModelDownloader */,
				B1FF08042C1E32E700F4DC5B /* FirebaseMessaging */,
				B1FF08062C1E32E700F4DC5B /* FirebasePerformance */,
				B1FF08082C1E32E700F4DC5B /* FirebaseRemoteConfig */,
				B1FF080A2C1E32E700F4DC5B /* FirebaseRemoteConfigSwift */,
				B1FF080C2C1E32E700F4DC5B /* FirebaseStorage */,
				B1FF080E2C1E32E700F4DC5B /* FirebaseStorageCombine-Community */,
				B1FF08102C1E32E700F4DC5B /* FirebaseVertexAI-Preview */,
				B1FFAD562C39098B006B0BC2 /* GoogleSignIn */,
				B1FFAD582C39098B006B0BC2 /* GoogleSignInSwift */,
			);
			productName = WeatherMonitor;
			productReference = B1FF07A72C1E247300F4DC5B /* WeatherMonitor.app */;
			productType = "com.apple.product-type.application";
		};
/* End PBXNativeTarget section */

/* Begin PBXProject section */
		B1FF079F2C1E247300F4DC5B /* Project object */ = {
			isa = PBXProject;
			attributes = {
				BuildIndependentTargetsInParallel = 1;
				LastSwiftUpdateCheck = 1520;
				LastUpgradeCheck = 1520;
				TargetAttributes = {
					B1FF07A62C1E247300F4DC5B = {
						CreatedOnToolsVersion = 15.2;
					};
				};
			};
			buildConfigurationList = B1FF07A22C1E247300F4DC5B /* Build configuration list for PBXProject "WeatherMonitor" */;
			compatibilityVersion = "Xcode 14.0";
			developmentRegion = en;
			hasScannedForEncodings = 0;
			knownRegions = (
				en,
				Base,
			);
			mainGroup = B1FF079E2C1E247300F4DC5B;
			packageReferences = (
				B1FF07CD2C1E2EFD00F4DC5B /* XCRemoteSwiftPackageReference "firebase-ios-sdk" */,
				B1FFAD552C39098B006B0BC2 /* XCRemoteSwiftPackageReference "GoogleSignIn-iOS" */,
			);
			productRefGroup = B1FF07A82C1E247300F4DC5B /* Products */;
			projectDirPath = "";
			projectRoot = "";
			targets = (
				B1FF07A62C1E247300F4DC5B /* WeatherMonitor */,
			);
		};
/* End PBXProject section */

/* Begin PBXResourcesBuildPhase section */
		B1FF07A52C1E247300F4DC5B /* Resources */ = {
			isa = PBXResourcesBuildPhase;
			buildActionMask = 2147483647;
			files = (
				B1FF07B22C1E247300F4DC5B /* Preview Assets.xcassets in Resources */,
				B1FF07AF2C1E247300F4DC5B /* Assets.xcassets in Resources */,
				B1FF07CC2C1E2CB900F4DC5B /* GoogleService-Info.plist in Resources */,
			);
			runOnlyForDeploymentPostprocessing = 0;
		};
/* End PBXResourcesBuildPhase section */

/* Begin PBXSourcesBuildPhase section */
		B1FF07A32C1E247300F4DC5B /* Sources */ = {
			isa = PBXSourcesBuildPhase;
			buildActionMask = 2147483647;
			files = (
				B10A22BB2C30ABA200099070 /* BackgroundView.swift in Sources */,
				B10A22C12C30BEDE00099070 /* CityModel.swift in Sources */,
				B10A22B32C1E623B00099070 /* PasswordFieldView.swift in Sources */,
				B10A22B12C1E616500099070 /* EmailFieldView.swift in Sources */,
				B1FF07C82C1E28CF00F4DC5B /* WeatherViewModel.swift in Sources */,
				B1FF07AB2C1E247300F4DC5B /* WeatherMonitorApp.swift in Sources */,
				B1FF07BF2C1E28A400F4DC5B /* DailyWeatherModel.swift in Sources */,
				B1FF07D92C1E2FCE00F4DC5B /* AccountView.swift in Sources */,
				B1FFAD612C39EBB5006B0BC2 /* CloudRainImageView.swift in Sources */,
				B1FF07BE2C1E28A400F4DC5B /* HoulyWeatherModel.swift in Sources */,
				B1FF07C42C1E28BC00F4DC5B /* DayOfWeekView.swift in Sources */,
				B10A22BD2C30AD4900099070 /* CitySearchView.swift in Sources */,
				B1FF07C02C1E28A400F4DC5B /* WeatherModel.swift in Sources */,
				B10A22B72C1E711900099070 /* WeatherMonitorView.swift in Sources */,
				B1FFAD5D2C398342006B0BC2 /* CurrentWeatherModel.swift in Sources */,
				B1FFAD5F2C39EA16006B0BC2 /* SunMaxImageView.swift in Sources */,
				B1FF07C52C1E28BC00F4DC5B /* HourlyWeatherView.swift in Sources */,
				B10A22B52C1E62F900099070 /* AccountViewModel.swift in Sources */,
				B11252912C3116080083C30D /* CityListView.swift in Sources */,
				B1FF07C62C1E28BC00F4DC5B /* WeatherView.swift in Sources */,
				B10A22BF2C30B0FA00099070 /* CitySearchViewModel.swift in Sources */,
			);
			runOnlyForDeploymentPostprocessing = 0;
		};
/* End PBXSourcesBuildPhase section */

/* Begin XCBuildConfiguration section */
		B1FF07B32C1E247300F4DC5B /* Debug */ = {
			isa = XCBuildConfiguration;
			buildSettings = {
				ALWAYS_SEARCH_USER_PATHS = NO;
				ASSETCATALOG_COMPILER_GENERATE_SWIFT_ASSET_SYMBOL_EXTENSIONS = YES;
				CLANG_ANALYZER_NONNULL = YES;
				CLANG_ANALYZER_NUMBER_OBJECT_CONVERSION = YES_AGGRESSIVE;
				CLANG_CXX_LANGUAGE_STANDARD = "gnu++20";
				CLANG_ENABLE_MODULES = YES;
				CLANG_ENABLE_OBJC_ARC = YES;
				CLANG_ENABLE_OBJC_WEAK = YES;
				CLANG_WARN_BLOCK_CAPTURE_AUTORELEASING = YES;
				CLANG_WARN_BOOL_CONVERSION = YES;
				CLANG_WARN_COMMA = YES;
				CLANG_WARN_CONSTANT_CONVERSION = YES;
				CLANG_WARN_DEPRECATED_OBJC_IMPLEMENTATIONS = YES;
				CLANG_WARN_DIRECT_OBJC_ISA_USAGE = YES_ERROR;
				CLANG_WARN_DOCUMENTATION_COMMENTS = YES;
				CLANG_WARN_EMPTY_BODY = YES;
				CLANG_WARN_ENUM_CONVERSION = YES;
				CLANG_WARN_INFINITE_RECURSION = YES;
				CLANG_WARN_INT_CONVERSION = YES;
				CLANG_WARN_NON_LITERAL_NULL_CONVERSION = YES;
				CLANG_WARN_OBJC_IMPLICIT_RETAIN_SELF = YES;
				CLANG_WARN_OBJC_LITERAL_CONVERSION = YES;
				CLANG_WARN_OBJC_ROOT_CLASS = YES_ERROR;
				CLANG_WARN_QUOTED_INCLUDE_IN_FRAMEWORK_HEADER = YES;
				CLANG_WARN_RANGE_LOOP_ANALYSIS = YES;
				CLANG_WARN_STRICT_PROTOTYPES = YES;
				CLANG_WARN_SUSPICIOUS_MOVE = YES;
				CLANG_WARN_UNGUARDED_AVAILABILITY = YES_AGGRESSIVE;
				CLANG_WARN_UNREACHABLE_CODE = YES;
				CLANG_WARN__DUPLICATE_METHOD_MATCH = YES;
				COPY_PHASE_STRIP = NO;
				DEBUG_INFORMATION_FORMAT = dwarf;
				ENABLE_STRICT_OBJC_MSGSEND = YES;
				ENABLE_TESTABILITY = YES;
				ENABLE_USER_SCRIPT_SANDBOXING = YES;
				GCC_C_LANGUAGE_STANDARD = gnu17;
				GCC_DYNAMIC_NO_PIC = NO;
				GCC_NO_COMMON_BLOCKS = YES;
				GCC_OPTIMIZATION_LEVEL = 0;
				GCC_PREPROCESSOR_DEFINITIONS = (
					"DEBUG=1",
					"$(inherited)",
				);
				GCC_WARN_64_TO_32_BIT_CONVERSION = YES;
				GCC_WARN_ABOUT_RETURN_TYPE = YES_ERROR;
				GCC_WARN_UNDECLARED_SELECTOR = YES;
				GCC_WARN_UNINITIALIZED_AUTOS = YES_AGGRESSIVE;
				GCC_WARN_UNUSED_FUNCTION = YES;
				GCC_WARN_UNUSED_VARIABLE = YES;
				IPHONEOS_DEPLOYMENT_TARGET = 17.2;
				LOCALIZATION_PREFERS_STRING_CATALOGS = YES;
				MTL_ENABLE_DEBUG_INFO = INCLUDE_SOURCE;
				MTL_FAST_MATH = YES;
				ONLY_ACTIVE_ARCH = YES;
				SDKROOT = iphoneos;
				SWIFT_ACTIVE_COMPILATION_CONDITIONS = "DEBUG $(inherited)";
				SWIFT_OPTIMIZATION_LEVEL = "-Onone";
			};
			name = Debug;
		};
		B1FF07B42C1E247300F4DC5B /* Release */ = {
			isa = XCBuildConfiguration;
			buildSettings = {
				ALWAYS_SEARCH_USER_PATHS = NO;
				ASSETCATALOG_COMPILER_GENERATE_SWIFT_ASSET_SYMBOL_EXTENSIONS = YES;
				CLANG_ANALYZER_NONNULL = YES;
				CLANG_ANALYZER_NUMBER_OBJECT_CONVERSION = YES_AGGRESSIVE;
				CLANG_CXX_LANGUAGE_STANDARD = "gnu++20";
				CLANG_ENABLE_MODULES = YES;
				CLANG_ENABLE_OBJC_ARC = YES;
				CLANG_ENABLE_OBJC_WEAK = YES;
				CLANG_WARN_BLOCK_CAPTURE_AUTORELEASING = YES;
				CLANG_WARN_BOOL_CONVERSION = YES;
				CLANG_WARN_COMMA = YES;
				CLANG_WARN_CONSTANT_CONVERSION = YES;
				CLANG_WARN_DEPRECATED_OBJC_IMPLEMENTATIONS = YES;
				CLANG_WARN_DIRECT_OBJC_ISA_USAGE = YES_ERROR;
				CLANG_WARN_DOCUMENTATION_COMMENTS = YES;
				CLANG_WARN_EMPTY_BODY = YES;
				CLANG_WARN_ENUM_CONVERSION = YES;
				CLANG_WARN_INFINITE_RECURSION = YES;
				CLANG_WARN_INT_CONVERSION = YES;
				CLANG_WARN_NON_LITERAL_NULL_CONVERSION = YES;
				CLANG_WARN_OBJC_IMPLICIT_RETAIN_SELF = YES;
				CLANG_WARN_OBJC_LITERAL_CONVERSION = YES;
				CLANG_WARN_OBJC_ROOT_CLASS = YES_ERROR;
				CLANG_WARN_QUOTED_INCLUDE_IN_FRAMEWORK_HEADER = YES;
				CLANG_WARN_RANGE_LOOP_ANALYSIS = YES;
				CLANG_WARN_STRICT_PROTOTYPES = YES;
				CLANG_WARN_SUSPICIOUS_MOVE = YES;
				CLANG_WARN_UNGUARDED_AVAILABILITY = YES_AGGRESSIVE;
				CLANG_WARN_UNREACHABLE_CODE = YES;
				CLANG_WARN__DUPLICATE_METHOD_MATCH = YES;
				COPY_PHASE_STRIP = NO;
				DEBUG_INFORMATION_FORMAT = "dwarf-with-dsym";
				ENABLE_NS_ASSERTIONS = NO;
				ENABLE_STRICT_OBJC_MSGSEND = YES;
				ENABLE_USER_SCRIPT_SANDBOXING = YES;
				GCC_C_LANGUAGE_STANDARD = gnu17;
				GCC_NO_COMMON_BLOCKS = YES;
				GCC_WARN_64_TO_32_BIT_CONVERSION = YES;
				GCC_WARN_ABOUT_RETURN_TYPE = YES_ERROR;
				GCC_WARN_UNDECLARED_SELECTOR = YES;
				GCC_WARN_UNINITIALIZED_AUTOS = YES_AGGRESSIVE;
				GCC_WARN_UNUSED_FUNCTION = YES;
				GCC_WARN_UNUSED_VARIABLE = YES;
				IPHONEOS_DEPLOYMENT_TARGET = 17.2;
				LOCALIZATION_PREFERS_STRING_CATALOGS = YES;
				MTL_ENABLE_DEBUG_INFO = NO;
				MTL_FAST_MATH = YES;
				SDKROOT = iphoneos;
				SWIFT_COMPILATION_MODE = wholemodule;
				VALIDATE_PRODUCT = YES;
			};
			name = Release;
		};
		B1FF07B62C1E247300F4DC5B /* Debug */ = {
			isa = XCBuildConfiguration;
			buildSettings = {
				ASSETCATALOG_COMPILER_APPICON_NAME = AppIcon;
				ASSETCATALOG_COMPILER_GLOBAL_ACCENT_COLOR_NAME = AccentColor;
				CODE_SIGN_STYLE = Automatic;
				CURRENT_PROJECT_VERSION = 1;
				DEVELOPMENT_ASSET_PATHS = "\"WeatherMonitor/Preview Content\"";
				ENABLE_PREVIEWS = YES;
				GENERATE_INFOPLIST_FILE = YES;
				INFOPLIST_KEY_UIApplicationSceneManifest_Generation = YES;
				INFOPLIST_KEY_UIApplicationSupportsIndirectInputEvents = YES;
				INFOPLIST_KEY_UILaunchScreen_Generation = YES;
				INFOPLIST_KEY_UISupportedInterfaceOrientations_iPad = "UIInterfaceOrientationPortrait UIInterfaceOrientationPortraitUpsideDown UIInterfaceOrientationLandscapeLeft UIInterfaceOrientationLandscapeRight";
				INFOPLIST_KEY_UISupportedInterfaceOrientations_iPhone = "UIInterfaceOrientationPortrait UIInterfaceOrientationLandscapeLeft UIInterfaceOrientationLandscapeRight";
				LD_RUNPATH_SEARCH_PATHS = (
					"$(inherited)",
					"@executable_path/Frameworks",
				);
				MARKETING_VERSION = 1.0;
				PRODUCT_BUNDLE_IDENTIFIER = edu.auburn.onlinecsse.WeatherMonitor;
				PRODUCT_NAME = "$(TARGET_NAME)";
				SWIFT_EMIT_LOC_STRINGS = YES;
				SWIFT_VERSION = 5.0;
				TARGETED_DEVICE_FAMILY = "1,2";
			};
			name = Debug;
		};
		B1FF07B72C1E247300F4DC5B /* Release */ = {
			isa = XCBuildConfiguration;
			buildSettings = {
				ASSETCATALOG_COMPILER_APPICON_NAME = AppIcon;
				ASSETCATALOG_COMPILER_GLOBAL_ACCENT_COLOR_NAME = AccentColor;
				CODE_SIGN_STYLE = Automatic;
				CURRENT_PROJECT_VERSION = 1;
				DEVELOPMENT_ASSET_PATHS = "\"WeatherMonitor/Preview Content\"";
				ENABLE_PREVIEWS = YES;
				GENERATE_INFOPLIST_FILE = YES;
				INFOPLIST_KEY_UIApplicationSceneManifest_Generation = YES;
				INFOPLIST_KEY_UIApplicationSupportsIndirectInputEvents = YES;
				INFOPLIST_KEY_UILaunchScreen_Generation = YES;
				INFOPLIST_KEY_UISupportedInterfaceOrientations_iPad = "UIInterfaceOrientationPortrait UIInterfaceOrientationPortraitUpsideDown UIInterfaceOrientationLandscapeLeft UIInterfaceOrientationLandscapeRight";
				INFOPLIST_KEY_UISupportedInterfaceOrientations_iPhone = "UIInterfaceOrientationPortrait UIInterfaceOrientationLandscapeLeft UIInterfaceOrientationLandscapeRight";
				LD_RUNPATH_SEARCH_PATHS = (
					"$(inherited)",
					"@executable_path/Frameworks",
				);
				MARKETING_VERSION = 1.0;
				PRODUCT_BUNDLE_IDENTIFIER = edu.auburn.onlinecsse.WeatherMonitor;
				PRODUCT_NAME = "$(TARGET_NAME)";
				SWIFT_EMIT_LOC_STRINGS = YES;
				SWIFT_VERSION = 5.0;
				TARGETED_DEVICE_FAMILY = "1,2";
			};
			name = Release;
		};
/* End XCBuildConfiguration section */

/* Begin XCConfigurationList section */
		B1FF07A22C1E247300F4DC5B /* Build configuration list for PBXProject "WeatherMonitor" */ = {
			isa = XCConfigurationList;
			buildConfigurations = (
				B1FF07B32C1E247300F4DC5B /* Debug */,
				B1FF07B42C1E247300F4DC5B /* Release */,
			);
			defaultConfigurationIsVisible = 0;
			defaultConfigurationName = Release;
		};
		B1FF07B52C1E247300F4DC5B /* Build configuration list for PBXNativeTarget "WeatherMonitor" */ = {
			isa = XCConfigurationList;
			buildConfigurations = (
				B1FF07B62C1E247300F4DC5B /* Debug */,
				B1FF07B72C1E247300F4DC5B /* Release */,
			);
			defaultConfigurationIsVisible = 0;
			defaultConfigurationName = Release;
		};
/* End XCConfigurationList section */

/* Begin XCRemoteSwiftPackageReference section */
		B1FF07CD2C1E2EFD00F4DC5B /* XCRemoteSwiftPackageReference "firebase-ios-sdk" */ = {
			isa = XCRemoteSwiftPackageReference;
			repositoryURL = "https://github.com/firebase/firebase-ios-sdk";
			requirement = {
				kind = upToNextMajorVersion;
				minimumVersion = 10.27.0;
			};
		};
		B1FFAD552C39098B006B0BC2 /* XCRemoteSwiftPackageReference "GoogleSignIn-iOS" */ = {
			isa = XCRemoteSwiftPackageReference;
			repositoryURL = "https://github.com/google/GoogleSignIn-iOS";
			requirement = {
				kind = upToNextMajorVersion;
				minimumVersion = 7.1.0;
			};
		};
/* End XCRemoteSwiftPackageReference section */

/* Begin XCSwiftPackageProductDependency section */
		B1FF07CE2C1E2EFD00F4DC5B /* FirebaseAnalytics */ = {
			isa = XCSwiftPackageProductDependency;
			package = B1FF07CD2C1E2EFD00F4DC5B /* XCRemoteSwiftPackageReference "firebase-ios-sdk" */;
			productName = FirebaseAnalytics;
		};
		B1FF07D02C1E2EFD00F4DC5B /* FirebaseAnalyticsOnDeviceConversion */ = {
			isa = XCSwiftPackageProductDependency;
			package = B1FF07CD2C1E2EFD00F4DC5B /* XCRemoteSwiftPackageReference "firebase-ios-sdk" */;
			productName = FirebaseAnalyticsOnDeviceConversion;
		};
		B1FF07D22C1E2EFD00F4DC5B /* FirebaseAnalyticsSwift */ = {
			isa = XCSwiftPackageProductDependency;
			package = B1FF07CD2C1E2EFD00F4DC5B /* XCRemoteSwiftPackageReference "firebase-ios-sdk" */;
			productName = FirebaseAnalyticsSwift;
		};
		B1FF07D42C1E2EFD00F4DC5B /* FirebaseAnalyticsWithoutAdIdSupport */ = {
			isa = XCSwiftPackageProductDependency;
			package = B1FF07CD2C1E2EFD00F4DC5B /* XCRemoteSwiftPackageReference "firebase-ios-sdk" */;
			productName = FirebaseAnalyticsWithoutAdIdSupport;
		};
		B1FF07D62C1E2EFD00F4DC5B /* FirebaseAppCheck */ = {
			isa = XCSwiftPackageProductDependency;
			package = B1FF07CD2C1E2EFD00F4DC5B /* XCRemoteSwiftPackageReference "firebase-ios-sdk" */;
			productName = FirebaseAppCheck;
		};
		B1FF07DA2C1E32E700F4DC5B /* FirebaseAnalytics */ = {
			isa = XCSwiftPackageProductDependency;
			package = B1FF07CD2C1E2EFD00F4DC5B /* XCRemoteSwiftPackageReference "firebase-ios-sdk" */;
			productName = FirebaseAnalytics;
		};
		B1FF07DC2C1E32E700F4DC5B /* FirebaseAnalyticsOnDeviceConversion */ = {
			isa = XCSwiftPackageProductDependency;
			package = B1FF07CD2C1E2EFD00F4DC5B /* XCRemoteSwiftPackageReference "firebase-ios-sdk" */;
			productName = FirebaseAnalyticsOnDeviceConversion;
		};
		B1FF07DE2C1E32E700F4DC5B /* FirebaseAnalyticsSwift */ = {
			isa = XCSwiftPackageProductDependency;
			package = B1FF07CD2C1E2EFD00F4DC5B /* XCRemoteSwiftPackageReference "firebase-ios-sdk" */;
			productName = FirebaseAnalyticsSwift;
		};
		B1FF07E02C1E32E700F4DC5B /* FirebaseAnalyticsWithoutAdIdSupport */ = {
			isa = XCSwiftPackageProductDependency;
			package = B1FF07CD2C1E2EFD00F4DC5B /* XCRemoteSwiftPackageReference "firebase-ios-sdk" */;
			productName = FirebaseAnalyticsWithoutAdIdSupport;
		};
		B1FF07E22C1E32E700F4DC5B /* FirebaseAppCheck */ = {
			isa = XCSwiftPackageProductDependency;
			package = B1FF07CD2C1E2EFD00F4DC5B /* XCRemoteSwiftPackageReference "firebase-ios-sdk" */;
			productName = FirebaseAppCheck;
		};
		B1FF07E42C1E32E700F4DC5B /* FirebaseAppDistribution-Beta */ = {
			isa = XCSwiftPackageProductDependency;
			package = B1FF07CD2C1E2EFD00F4DC5B /* XCRemoteSwiftPackageReference "firebase-ios-sdk" */;
			productName = "FirebaseAppDistribution-Beta";
		};
		B1FF07E62C1E32E700F4DC5B /* FirebaseAuth */ = {
			isa = XCSwiftPackageProductDependency;
			package = B1FF07CD2C1E2EFD00F4DC5B /* XCRemoteSwiftPackageReference "firebase-ios-sdk" */;
			productName = FirebaseAuth;
		};
		B1FF07E82C1E32E700F4DC5B /* FirebaseAuthCombine-Community */ = {
			isa = XCSwiftPackageProductDependency;
			package = B1FF07CD2C1E2EFD00F4DC5B /* XCRemoteSwiftPackageReference "firebase-ios-sdk" */;
			productName = "FirebaseAuthCombine-Community";
		};
		B1FF07EA2C1E32E700F4DC5B /* FirebaseCrashlytics */ = {
			isa = XCSwiftPackageProductDependency;
			package = B1FF07CD2C1E2EFD00F4DC5B /* XCRemoteSwiftPackageReference "firebase-ios-sdk" */;
			productName = FirebaseCrashlytics;
		};
		B1FF07EC2C1E32E700F4DC5B /* FirebaseDatabase */ = {
			isa = XCSwiftPackageProductDependency;
			package = B1FF07CD2C1E2EFD00F4DC5B /* XCRemoteSwiftPackageReference "firebase-ios-sdk" */;
			productName = FirebaseDatabase;
		};
		B1FF07EE2C1E32E700F4DC5B /* FirebaseDatabaseSwift */ = {
			isa = XCSwiftPackageProductDependency;
			package = B1FF07CD2C1E2EFD00F4DC5B /* XCRemoteSwiftPackageReference "firebase-ios-sdk" */;
			productName = FirebaseDatabaseSwift;
		};
		B1FF07F02C1E32E700F4DC5B /* FirebaseDynamicLinks */ = {
			isa = XCSwiftPackageProductDependency;
			package = B1FF07CD2C1E2EFD00F4DC5B /* XCRemoteSwiftPackageReference "firebase-ios-sdk" */;
			productName = FirebaseDynamicLinks;
		};
		B1FF07F22C1E32E700F4DC5B /* FirebaseFirestore */ = {
			isa = XCSwiftPackageProductDependency;
			package = B1FF07CD2C1E2EFD00F4DC5B /* XCRemoteSwiftPackageReference "firebase-ios-sdk" */;
			productName = FirebaseFirestore;
		};
		B1FF07F42C1E32E700F4DC5B /* FirebaseFirestoreCombine-Community */ = {
			isa = XCSwiftPackageProductDependency;
			package = B1FF07CD2C1E2EFD00F4DC5B /* XCRemoteSwiftPackageReference "firebase-ios-sdk" */;
			productName = "FirebaseFirestoreCombine-Community";
		};
		B1FF07F62C1E32E700F4DC5B /* FirebaseFirestoreSwift */ = {
			isa = XCSwiftPackageProductDependency;
			package = B1FF07CD2C1E2EFD00F4DC5B /* XCRemoteSwiftPackageReference "firebase-ios-sdk" */;
			productName = FirebaseFirestoreSwift;
		};
		B1FF07F82C1E32E700F4DC5B /* FirebaseFunctions */ = {
			isa = XCSwiftPackageProductDependency;
			package = B1FF07CD2C1E2EFD00F4DC5B /* XCRemoteSwiftPackageReference "firebase-ios-sdk" */;
			productName = FirebaseFunctions;
		};
		B1FF07FA2C1E32E700F4DC5B /* FirebaseFunctionsCombine-Community */ = {
			isa = XCSwiftPackageProductDependency;
			package = B1FF07CD2C1E2EFD00F4DC5B /* XCRemoteSwiftPackageReference "firebase-ios-sdk" */;
			productName = "FirebaseFunctionsCombine-Community";
		};
		B1FF07FC2C1E32E700F4DC5B /* FirebaseInAppMessaging-Beta */ = {
			isa = XCSwiftPackageProductDependency;
			package = B1FF07CD2C1E2EFD00F4DC5B /* XCRemoteSwiftPackageReference "firebase-ios-sdk" */;
			productName = "FirebaseInAppMessaging-Beta";
		};
		B1FF07FE2C1E32E700F4DC5B /* FirebaseInAppMessagingSwift-Beta */ = {
			isa = XCSwiftPackageProductDependency;
			package = B1FF07CD2C1E2EFD00F4DC5B /* XCRemoteSwiftPackageReference "firebase-ios-sdk" */;
			productName = "FirebaseInAppMessagingSwift-Beta";
		};
		B1FF08002C1E32E700F4DC5B /* FirebaseInstallations */ = {
			isa = XCSwiftPackageProductDependency;
			package = B1FF07CD2C1E2EFD00F4DC5B /* XCRemoteSwiftPackageReference "firebase-ios-sdk" */;
			productName = FirebaseInstallations;
		};
		B1FF08022C1E32E700F4DC5B /* FirebaseMLModelDownloader */ = {
			isa = XCSwiftPackageProductDependency;
			package = B1FF07CD2C1E2EFD00F4DC5B /* XCRemoteSwiftPackageReference "firebase-ios-sdk" */;
			productName = FirebaseMLModelDownloader;
		};
		B1FF08042C1E32E700F4DC5B /* FirebaseMessaging */ = {
			isa = XCSwiftPackageProductDependency;
			package = B1FF07CD2C1E2EFD00F4DC5B /* XCRemoteSwiftPackageReference "firebase-ios-sdk" */;
			productName = FirebaseMessaging;
		};
		B1FF08062C1E32E700F4DC5B /* FirebasePerformance */ = {
			isa = XCSwiftPackageProductDependency;
			package = B1FF07CD2C1E2EFD00F4DC5B /* XCRemoteSwiftPackageReference "firebase-ios-sdk" */;
			productName = FirebasePerformance;
		};
		B1FF08082C1E32E700F4DC5B /* FirebaseRemoteConfig */ = {
			isa = XCSwiftPackageProductDependency;
			package = B1FF07CD2C1E2EFD00F4DC5B /* XCRemoteSwiftPackageReference "firebase-ios-sdk" */;
			productName = FirebaseRemoteConfig;
		};
		B1FF080A2C1E32E700F4DC5B /* FirebaseRemoteConfigSwift */ = {
			isa = XCSwiftPackageProductDependency;
			package = B1FF07CD2C1E2EFD00F4DC5B /* XCRemoteSwiftPackageReference "firebase-ios-sdk" */;
			productName = FirebaseRemoteConfigSwift;
		};
		B1FF080C2C1E32E700F4DC5B /* FirebaseStorage */ = {
			isa = XCSwiftPackageProductDependency;
			package = B1FF07CD2C1E2EFD00F4DC5B /* XCRemoteSwiftPackageReference "firebase-ios-sdk" */;
			productName = FirebaseStorage;
		};
		B1FF080E2C1E32E700F4DC5B /* FirebaseStorageCombine-Community */ = {
			isa = XCSwiftPackageProductDependency;
			package = B1FF07CD2C1E2EFD00F4DC5B /* XCRemoteSwiftPackageReference "firebase-ios-sdk" */;
			productName = "FirebaseStorageCombine-Community";
		};
		B1FF08102C1E32E700F4DC5B /* FirebaseVertexAI-Preview */ = {
			isa = XCSwiftPackageProductDependency;
			package = B1FF07CD2C1E2EFD00F4DC5B /* XCRemoteSwiftPackageReference "firebase-ios-sdk" */;
			productName = "FirebaseVertexAI-Preview";
		};
		B1FFAD562C39098B006B0BC2 /* GoogleSignIn */ = {
			isa = XCSwiftPackageProductDependency;
			package = B1FFAD552C39098B006B0BC2 /* XCRemoteSwiftPackageReference "GoogleSignIn-iOS" */;
			productName = GoogleSignIn;
		};
		B1FFAD582C39098B006B0BC2 /* GoogleSignInSwift */ = {
			isa = XCSwiftPackageProductDependency;
			package = B1FFAD552C39098B006B0BC2 /* XCRemoteSwiftPackageReference "GoogleSignIn-iOS" */;
			productName = GoogleSignInSwift;
		};
/* End XCSwiftPackageProductDependency section */
	};
	rootObject = B1FF079F2C1E247300F4DC5B /* Project object */;
}
